
Microsoft Visual Studio Solution File, Format Version 12.00
# Visual Studio Version 16
VisualStudioVersion = 16.0.30804.86
MinimumVisualStudioVersion = 10.0.40219.1
Project("{FAE04EC0-301F-11D3-BF4B-00C04F79EFBC}") = "FactorielWithRecursion", "FactorielWithRecursion\FactorielWithRecursion.csproj", "{75B73989-2AA0-490F-82EF-A20416C96062}"
EndProject
Global
	GlobalSection(SolutionConfigurationPlatforms) = preSolution
		Debug|Any CPU = Debug|Any CPU
		Release|Any CPU = Release|Any CPU
	EndGlobalSection
	GlobalSection(ProjectConfigurationPlatforms) = postSolution
		{75B73989-2AA0-490F-82EF-A20416C96062}.Debug|Any CPU.ActiveCfg = Debug|Any CPU
		{75B73989-2AA0-490F-82EF-A20416C96062}.Debug|Any CPU.Build.0 = Debug|Any CPU
		{75B73989-2AA0-490F-82EF-A20416C96062}.Release|Any CPU.ActiveCfg = Release|Any CPU
		{75B73989-2AA0-490F-82EF-A20416C96062}.Release|Any CPU.Build.0 = Release|Any CPU
	EndGlobalSection
	GlobalSection(SolutionProperties) = preSolution
		HideSolutionNode = FALSE
	EndGlobalSection
	GlobalSection(ExtensibilityGlobals) = postSolution
		SolutionGuid = {1DEE48E0-D949-4D42-94BE-50813768C661}
	EndGlobalSection
EndGlobal
