
Microsoft Visual Studio Solution File, Format Version 12.00
# Visual Studio Version 16
VisualStudioVersion = 16.0.30503.244
MinimumVisualStudioVersion = 10.0.40219.1
Project("{9A19103F-16F7-4668-BE54-9A1E7A4F7556}") = "4.BookComparator", "4.BookComparator.csproj", "{CBB0E1B1-368E-487F-875B-D22F90DADBF3}"
EndProject
Project("{FAE04EC0-301F-11D3-BF4B-00C04F79EFBC}") = "IteratorsAndComparatorsExercices", "..\IteratorsAndComparatorsExercices\IteratorsAndComparatorsExercices.csproj", "{AC5E3E30-59E8-416C-9703-B9FE1E260251}"
EndProject
Global
	GlobalSection(SolutionConfigurationPlatforms) = preSolution
		Debug|Any CPU = Debug|Any CPU
		Release|Any CPU = Release|Any CPU
	EndGlobalSection
	GlobalSection(ProjectConfigurationPlatforms) = postSolution
		{CBB0E1B1-368E-487F-875B-D22F90DADBF3}.Debug|Any CPU.ActiveCfg = Debug|Any CPU
		{CBB0E1B1-368E-487F-875B-D22F90DADBF3}.Debug|Any CPU.Build.0 = Debug|Any CPU
		{CBB0E1B1-368E-487F-875B-D22F90DADBF3}.Release|Any CPU.ActiveCfg = Release|Any CPU
		{CBB0E1B1-368E-487F-875B-D22F90DADBF3}.Release|Any CPU.Build.0 = Release|Any CPU
		{AC5E3E30-59E8-416C-9703-B9FE1E260251}.Debug|Any CPU.ActiveCfg = Debug|Any CPU
		{AC5E3E30-59E8-416C-9703-B9FE1E260251}.Debug|Any CPU.Build.0 = Debug|Any CPU
		{AC5E3E30-59E8-416C-9703-B9FE1E260251}.Release|Any CPU.ActiveCfg = Release|Any CPU
		{AC5E3E30-59E8-416C-9703-B9FE1E260251}.Release|Any CPU.Build.0 = Release|Any CPU
	EndGlobalSection
	GlobalSection(SolutionProperties) = preSolution
		HideSolutionNode = FALSE
	EndGlobalSection
	GlobalSection(ExtensibilityGlobals) = postSolution
		SolutionGuid = {C4823EA8-24D4-413B-A42D-C9B8E770EF97}
	EndGlobalSection
EndGlobal
